
Microsoft Visual Studio Solution File, Format Version 12.00
# Visual Studio Version 16
VisualStudioVersion = 16.0.31613.86
MinimumVisualStudioVersion = 10.0.40219.1
Project("{FAE04EC0-301F-11D3-BF4B-00C04F79EFBC}") = "ObjectCalisthenics", "ObjectCalisthenics\ObjectCalisthenics.csproj", "{C29EA8DF-30FF-4458-B460-4F89BD5ED5CE}"
EndProject
Global
	GlobalSection(SolutionConfigurationPlatforms) = preSolution
		Debug|Any CPU = Debug|Any CPU
		Release|Any CPU = Release|Any CPU
	EndGlobalSection
	GlobalSection(ProjectConfigurationPlatforms) = postSolution
		{C29EA8DF-30FF-4458-B460-4F89BD5ED5CE}.Debug|Any CPU.ActiveCfg = Debug|Any CPU
		{C29EA8DF-30FF-4458-B460-4F89BD5ED5CE}.Debug|Any CPU.Build.0 = Debug|Any CPU
		{C29EA8DF-30FF-4458-B460-4F89BD5ED5CE}.Release|Any CPU.ActiveCfg = Release|Any CPU
		{C29EA8DF-30FF-4458-B460-4F89BD5ED5CE}.Release|Any CPU.Build.0 = Release|Any CPU
	EndGlobalSection
	GlobalSection(SolutionProperties) = preSolution
		HideSolutionNode = FALSE
	EndGlobalSection
	GlobalSection(ExtensibilityGlobals) = postSolution
		SolutionGuid = {25C30DC2-ECCF-4FC6-AA42-BAC92D990FA1}
	EndGlobalSection
EndGlobal
